
Microsoft Visual Studio Solution File, Format Version 12.00
# Visual Studio Version 16
VisualStudioVersion = 16.0.34407.143
MinimumVisualStudioVersion = 10.0.40219.1
Project("{FAE04EC0-301F-11D3-BF4B-00C04F79EFBC}") = "ConsoleAppAssignmentpart3of6", "ConsoleAppAssignmentpart3of6\ConsoleAppAssignmentpart3of6.csproj", "{40929AF0-FA61-43A5-831F-A15C0CB2C1B5}"
EndProject
Global
	GlobalSection(SolutionConfigurationPlatforms) = preSolution
		Debug|Any CPU = Debug|Any CPU
		Release|Any CPU = Release|Any CPU
	EndGlobalSection
	GlobalSection(ProjectConfigurationPlatforms) = postSolution
		{40929AF0-FA61-43A5-831F-A15C0CB2C1B5}.Debug|Any CPU.ActiveCfg = Debug|Any CPU
		{40929AF0-FA61-43A5-831F-A15C0CB2C1B5}.Debug|Any CPU.Build.0 = Debug|Any CPU
		{40929AF0-FA61-43A5-831F-A15C0CB2C1B5}.Release|Any CPU.ActiveCfg = Release|Any CPU
		{40929AF0-FA61-43A5-831F-A15C0CB2C1B5}.Release|Any CPU.Build.0 = Release|Any CPU
	EndGlobalSection
	GlobalSection(SolutionProperties) = preSolution
		HideSolutionNode = FALSE
	EndGlobalSection
	GlobalSection(ExtensibilityGlobals) = postSolution
		SolutionGuid = {FE2F5F4E-6591-468E-BF7E-B39D38F6CFB3}
	EndGlobalSection
EndGlobal
